// !$*UTF8*$!
{
	archiveVersion = 1;
	classes = {
	};
	objectVersion = 46;
	objects = {

/* Begin PBXBuildFile section */
		3155A9394BCD3D979CFA0D49 /* Pods_Foody_THUITests.framework in Frameworks */ = {isa = PBXBuildFile; fileRef = 5E654884D1CD71DCD3F1D0AC /* Pods_Foody_THUITests.framework */; };
		8D0EF51B1D33F3EF0061B7F6 /* FoodSearchVC.swift in Sources */ = {isa = PBXBuildFile; fileRef = 8D0EF5161D33F3EF0061B7F6 /* FoodSearchVC.swift */; };
		8D0EF51E1D33F3EF0061B7F6 /* CategorySearch.swift in Sources */ = {isa = PBXBuildFile; fileRef = 8D0EF5191D33F3EF0061B7F6 /* CategorySearch.swift */; };
		8D0EF51F1D33F3EF0061B7F6 /* CategorySearch.xib in Resources */ = {isa = PBXBuildFile; fileRef = 8D0EF51A1D33F3EF0061B7F6 /* CategorySearch.xib */; };
		8D0EF5221D33F7B70061B7F6 /* TabBarController.swift in Sources */ = {isa = PBXBuildFile; fileRef = 8D0EF5201D33F7B70061B7F6 /* TabBarController.swift */; };
		8D0EF5231D33F7B70061B7F6 /* TabBarController.xib in Resources */ = {isa = PBXBuildFile; fileRef = 8D0EF5211D33F7B70061B7F6 /* TabBarController.xib */; };
		8D0EF5261D33F7FB0061B7F6 /* RandomVC.swift in Sources */ = {isa = PBXBuildFile; fileRef = 8D0EF5241D33F7FB0061B7F6 /* RandomVC.swift */; };
		8D0EF5271D33F7FB0061B7F6 /* RandomVC.xib in Resources */ = {isa = PBXBuildFile; fileRef = 8D0EF5251D33F7FB0061B7F6 /* RandomVC.xib */; };
		8D0EF52A1D34030B0061B7F6 /* IngredientsSearchVC.swift in Sources */ = {isa = PBXBuildFile; fileRef = 8D0EF5281D34030B0061B7F6 /* IngredientsSearchVC.swift */; };
		8D0EF52B1D34030B0061B7F6 /* IngredientsSearchVC.xib in Resources */ = {isa = PBXBuildFile; fileRef = 8D0EF5291D34030B0061B7F6 /* IngredientsSearchVC.xib */; };
		8D0EF5351D34A05B0061B7F6 /* FoodSearchVC.xib in Resources */ = {isa = PBXBuildFile; fileRef = 8D0EF5341D34A05B0061B7F6 /* FoodSearchVC.xib */; };
		8D288EE51D26C7C400D72697 /* AppDelegate.swift in Sources */ = {isa = PBXBuildFile; fileRef = 8D288EE41D26C7C400D72697 /* AppDelegate.swift */; };
		8D288EEA1D26C7C400D72697 /* Main.storyboard in Resources */ = {isa = PBXBuildFile; fileRef = 8D288EE81D26C7C400D72697 /* Main.storyboard */; };
		8D288EEC1D26C7C400D72697 /* Assets.xcassets in Resources */ = {isa = PBXBuildFile; fileRef = 8D288EEB1D26C7C400D72697 /* Assets.xcassets */; };
		8D288EEF1D26C7C400D72697 /* LaunchScreen.storyboard in Resources */ = {isa = PBXBuildFile; fileRef = 8D288EED1D26C7C400D72697 /* LaunchScreen.storyboard */; };
		8D9C64DE1D34CC68003AB9DA /* CreateMenuVC.swift in Sources */ = {isa = PBXBuildFile; fileRef = 8D9C64DC1D34CC68003AB9DA /* CreateMenuVC.swift */; };
		8D9C64DF1D34CC68003AB9DA /* CreateMenuVC.xib in Resources */ = {isa = PBXBuildFile; fileRef = 8D9C64DD1D34CC68003AB9DA /* CreateMenuVC.xib */; };
		8D9C64E21D34CC9D003AB9DA /* HomeVC.swift in Sources */ = {isa = PBXBuildFile; fileRef = 8D9C64E01D34CC9D003AB9DA /* HomeVC.swift */; };
		8D9C64E31D34CC9D003AB9DA /* HomeVC.xib in Resources */ = {isa = PBXBuildFile; fileRef = 8D9C64E11D34CC9D003AB9DA /* HomeVC.xib */; };
		8D9C64E61D34CF85003AB9DA /* CreateMenuNotRgeistered.swift in Sources */ = {isa = PBXBuildFile; fileRef = 8D9C64E41D34CF85003AB9DA /* CreateMenuNotRgeistered.swift */; };
		8D9C64E71D34CF85003AB9DA /* CreateMenuNotRgeistered.xib in Resources */ = {isa = PBXBuildFile; fileRef = 8D9C64E51D34CF85003AB9DA /* CreateMenuNotRgeistered.xib */; };
		8DEC73A41D2EADF70014A213 /* RegisterVC.swift in Sources */ = {isa = PBXBuildFile; fileRef = 8DEC73A21D2EADF70014A213 /* RegisterVC.swift */; };
		8DEC73A51D2EADF70014A213 /* RegisterVC.xib in Resources */ = {isa = PBXBuildFile; fileRef = 8DEC73A31D2EADF70014A213 /* RegisterVC.xib */; };
		8DEC73A81D2EB2F90014A213 /* UIImageExtension.swift in Sources */ = {isa = PBXBuildFile; fileRef = 8DEC73A71D2EB2F90014A213 /* UIImageExtension.swift */; };
		8DEC73AA1D2EB35E0014A213 /* UIColorExtension.swift in Sources */ = {isa = PBXBuildFile; fileRef = 8DEC73A91D2EB35E0014A213 /* UIColorExtension.swift */; };
		AC2841A81D33EECE0020ABF8 /* BaseViewController.swift in Sources */ = {isa = PBXBuildFile; fileRef = AC2841A71D33EECE0020ABF8 /* BaseViewController.swift */; };
		ACF1C0741D278FE300EA19C6 /* LoginVC.swift in Sources */ = {isa = PBXBuildFile; fileRef = ACF1C0721D278FE300EA19C6 /* LoginVC.swift */; };
		ACF1C0751D278FE300EA19C6 /* LoginVC.xib in Resources */ = {isa = PBXBuildFile; fileRef = ACF1C0731D278FE300EA19C6 /* LoginVC.xib */; };
		ACF1C0781D27DBC900EA19C6 /* MainVC.swift in Sources */ = {isa = PBXBuildFile; fileRef = ACF1C0771D27DBC900EA19C6 /* MainVC.swift */; };
		B88E7B548AA1BFECE7EA3569 /* Pods_Foody_TH.framework in Frameworks */ = {isa = PBXBuildFile; fileRef = D75E83C94DD068F3B885C757 /* Pods_Foody_TH.framework */; };
		FF6EAF0DDEE46C17A5E25E24 /* Pods_Foody_THTests.framework in Frameworks */ = {isa = PBXBuildFile; fileRef = 506A484D0DE7C850043F8FC1 /* Pods_Foody_THTests.framework */; };
/* End PBXBuildFile section */

/* Begin PBXContainerItemProxy section */
		8D288EF61D26C7C400D72697 /* PBXContainerItemProxy */ = {
			isa = PBXContainerItemProxy;
			containerPortal = 8D288ED91D26C7C400D72697 /* Project object */;
			proxyType = 1;
			remoteGlobalIDString = 8D288EE01D26C7C400D72697;
			remoteInfo = "Foody TH";
		};
		8D288F011D26C7C400D72697 /* PBXContainerItemProxy */ = {
			isa = PBXContainerItemProxy;
			containerPortal = 8D288ED91D26C7C400D72697 /* Project object */;
			proxyType = 1;
			remoteGlobalIDString = 8D288EE01D26C7C400D72697;
			remoteInfo = "Foody TH";
		};
/* End PBXContainerItemProxy section */

/* Begin PBXFileReference section */
		184E2B19514CA2D70A2E814D /* Pods-Foody THUITests.debug.xcconfig */ = {isa = PBXFileReference; includeInIndex = 1; lastKnownFileType = text.xcconfig; name = "Pods-Foody THUITests.debug.xcconfig"; path = "Pods/Target Support Files/Pods-Foody THUITests/Pods-Foody THUITests.debug.xcconfig"; sourceTree = "<group>"; };
		506A484D0DE7C850043F8FC1 /* Pods_Foody_THTests.framework */ = {isa = PBXFileReference; explicitFileType = wrapper.framework; includeInIndex = 0; path = Pods_Foody_THTests.framework; sourceTree = BUILT_PRODUCTS_DIR; };
		5E654884D1CD71DCD3F1D0AC /* Pods_Foody_THUITests.framework */ = {isa = PBXFileReference; explicitFileType = wrapper.framework; includeInIndex = 0; path = Pods_Foody_THUITests.framework; sourceTree = BUILT_PRODUCTS_DIR; };
		6145C5D2E72CE6A67F3F412C /* Pods-Foody TH.debug.xcconfig */ = {isa = PBXFileReference; includeInIndex = 1; lastKnownFileType = text.xcconfig; name = "Pods-Foody TH.debug.xcconfig"; path = "Pods/Target Support Files/Pods-Foody TH/Pods-Foody TH.debug.xcconfig"; sourceTree = "<group>"; };
		6F9AF2213C018EE1A5754E60 /* Pods-Foody THUITests.release.xcconfig */ = {isa = PBXFileReference; includeInIndex = 1; lastKnownFileType = text.xcconfig; name = "Pods-Foody THUITests.release.xcconfig"; path = "Pods/Target Support Files/Pods-Foody THUITests/Pods-Foody THUITests.release.xcconfig"; sourceTree = "<group>"; };
		8D0EF5161D33F3EF0061B7F6 /* FoodSearchVC.swift */ = {isa = PBXFileReference; fileEncoding = 4; lastKnownFileType = sourcecode.swift; path = FoodSearchVC.swift; sourceTree = "<group>"; };
		8D0EF5191D33F3EF0061B7F6 /* CategorySearch.swift */ = {isa = PBXFileReference; fileEncoding = 4; lastKnownFileType = sourcecode.swift; path = CategorySearch.swift; sourceTree = "<group>"; };
		8D0EF51A1D33F3EF0061B7F6 /* CategorySearch.xib */ = {isa = PBXFileReference; fileEncoding = 4; lastKnownFileType = file.xib; path = CategorySearch.xib; sourceTree = "<group>"; };
		8D0EF5201D33F7B70061B7F6 /* TabBarController.swift */ = {isa = PBXFileReference; fileEncoding = 4; lastKnownFileType = sourcecode.swift; path = TabBarController.swift; sourceTree = "<group>"; };
		8D0EF5211D33F7B70061B7F6 /* TabBarController.xib */ = {isa = PBXFileReference; fileEncoding = 4; lastKnownFileType = file.xib; path = TabBarController.xib; sourceTree = "<group>"; };
		8D0EF5241D33F7FB0061B7F6 /* RandomVC.swift */ = {isa = PBXFileReference; fileEncoding = 4; lastKnownFileType = sourcecode.swift; path = RandomVC.swift; sourceTree = "<group>"; };
		8D0EF5251D33F7FB0061B7F6 /* RandomVC.xib */ = {isa = PBXFileReference; fileEncoding = 4; lastKnownFileType = file.xib; path = RandomVC.xib; sourceTree = "<group>"; };
		8D0EF5281D34030B0061B7F6 /* IngredientsSearchVC.swift */ = {isa = PBXFileReference; fileEncoding = 4; lastKnownFileType = sourcecode.swift; path = IngredientsSearchVC.swift; sourceTree = "<group>"; };
		8D0EF5291D34030B0061B7F6 /* IngredientsSearchVC.xib */ = {isa = PBXFileReference; fileEncoding = 4; lastKnownFileType = file.xib; path = IngredientsSearchVC.xib; sourceTree = "<group>"; };
		8D0EF5341D34A05B0061B7F6 /* FoodSearchVC.xib */ = {isa = PBXFileReference; fileEncoding = 4; lastKnownFileType = file.xib; path = FoodSearchVC.xib; sourceTree = "<group>"; };
		8D288EE11D26C7C400D72697 /* Foody TH.app */ = {isa = PBXFileReference; explicitFileType = wrapper.application; includeInIndex = 0; path = "Foody TH.app"; sourceTree = BUILT_PRODUCTS_DIR; };
		8D288EE41D26C7C400D72697 /* AppDelegate.swift */ = {isa = PBXFileReference; lastKnownFileType = sourcecode.swift; path = AppDelegate.swift; sourceTree = "<group>"; };
		8D288EE91D26C7C400D72697 /* Base */ = {isa = PBXFileReference; lastKnownFileType = file.storyboard; name = Base; path = Base.lproj/Main.storyboard; sourceTree = "<group>"; };
		8D288EEB1D26C7C400D72697 /* Assets.xcassets */ = {isa = PBXFileReference; lastKnownFileType = folder.assetcatalog; path = Assets.xcassets; sourceTree = "<group>"; };
		8D288EEE1D26C7C400D72697 /* Base */ = {isa = PBXFileReference; lastKnownFileType = file.storyboard; name = Base; path = Base.lproj/LaunchScreen.storyboard; sourceTree = "<group>"; };
		8D288EF01D26C7C400D72697 /* Info.plist */ = {isa = PBXFileReference; lastKnownFileType = text.plist.xml; path = Info.plist; sourceTree = "<group>"; };
		8D288EF51D26C7C400D72697 /* Foody THTests.xctest */ = {isa = PBXFileReference; explicitFileType = wrapper.cfbundle; includeInIndex = 0; path = "Foody THTests.xctest"; sourceTree = BUILT_PRODUCTS_DIR; };
		8D288F001D26C7C400D72697 /* Foody THUITests.xctest */ = {isa = PBXFileReference; explicitFileType = wrapper.cfbundle; includeInIndex = 0; path = "Foody THUITests.xctest"; sourceTree = BUILT_PRODUCTS_DIR; };
		8D9C64DC1D34CC68003AB9DA /* CreateMenuVC.swift */ = {isa = PBXFileReference; fileEncoding = 4; lastKnownFileType = sourcecode.swift; path = CreateMenuVC.swift; sourceTree = "<group>"; };
		8D9C64DD1D34CC68003AB9DA /* CreateMenuVC.xib */ = {isa = PBXFileReference; fileEncoding = 4; lastKnownFileType = file.xib; path = CreateMenuVC.xib; sourceTree = "<group>"; };
		8D9C64E01D34CC9D003AB9DA /* HomeVC.swift */ = {isa = PBXFileReference; fileEncoding = 4; lastKnownFileType = sourcecode.swift; path = HomeVC.swift; sourceTree = "<group>"; };
		8D9C64E11D34CC9D003AB9DA /* HomeVC.xib */ = {isa = PBXFileReference; fileEncoding = 4; lastKnownFileType = file.xib; path = HomeVC.xib; sourceTree = "<group>"; };
		8D9C64E41D34CF85003AB9DA /* CreateMenuNotRgeistered.swift */ = {isa = PBXFileReference; fileEncoding = 4; lastKnownFileType = sourcecode.swift; path = CreateMenuNotRgeistered.swift; sourceTree = "<group>"; };
		8D9C64E51D34CF85003AB9DA /* CreateMenuNotRgeistered.xib */ = {isa = PBXFileReference; fileEncoding = 4; lastKnownFileType = file.xib; path = CreateMenuNotRgeistered.xib; sourceTree = "<group>"; };
		8DEC73A21D2EADF70014A213 /* RegisterVC.swift */ = {isa = PBXFileReference; fileEncoding = 4; lastKnownFileType = sourcecode.swift; path = RegisterVC.swift; sourceTree = "<group>"; };
		8DEC73A31D2EADF70014A213 /* RegisterVC.xib */ = {isa = PBXFileReference; fileEncoding = 4; lastKnownFileType = file.xib; path = RegisterVC.xib; sourceTree = "<group>"; };
		8DEC73A71D2EB2F90014A213 /* UIImageExtension.swift */ = {isa = PBXFileReference; fileEncoding = 4; lastKnownFileType = sourcecode.swift; path = UIImageExtension.swift; sourceTree = "<group>"; };
		8DEC73A91D2EB35E0014A213 /* UIColorExtension.swift */ = {isa = PBXFileReference; fileEncoding = 4; lastKnownFileType = sourcecode.swift; path = UIColorExtension.swift; sourceTree = "<group>"; };
		AC2841A71D33EECE0020ABF8 /* BaseViewController.swift */ = {isa = PBXFileReference; fileEncoding = 4; lastKnownFileType = sourcecode.swift; path = BaseViewController.swift; sourceTree = "<group>"; };
		ACF1C0721D278FE300EA19C6 /* LoginVC.swift */ = {isa = PBXFileReference; fileEncoding = 4; lastKnownFileType = sourcecode.swift; path = LoginVC.swift; sourceTree = "<group>"; };
		ACF1C0731D278FE300EA19C6 /* LoginVC.xib */ = {isa = PBXFileReference; fileEncoding = 4; lastKnownFileType = file.xib; path = LoginVC.xib; sourceTree = "<group>"; };
		ACF1C0771D27DBC900EA19C6 /* MainVC.swift */ = {isa = PBXFileReference; fileEncoding = 4; lastKnownFileType = sourcecode.swift; path = MainVC.swift; sourceTree = "<group>"; };
		B365A78DF0D263C0D3DA17B3 /* Pods-Foody TH.release.xcconfig */ = {isa = PBXFileReference; includeInIndex = 1; lastKnownFileType = text.xcconfig; name = "Pods-Foody TH.release.xcconfig"; path = "Pods/Target Support Files/Pods-Foody TH/Pods-Foody TH.release.xcconfig"; sourceTree = "<group>"; };
		B9F1AC490439DD3AC26F8EA5 /* Pods-Foody THTests.release.xcconfig */ = {isa = PBXFileReference; includeInIndex = 1; lastKnownFileType = text.xcconfig; name = "Pods-Foody THTests.release.xcconfig"; path = "Pods/Target Support Files/Pods-Foody THTests/Pods-Foody THTests.release.xcconfig"; sourceTree = "<group>"; };
		D75E83C94DD068F3B885C757 /* Pods_Foody_TH.framework */ = {isa = PBXFileReference; explicitFileType = wrapper.framework; includeInIndex = 0; path = Pods_Foody_TH.framework; sourceTree = BUILT_PRODUCTS_DIR; };
		EFA3B94D6B4C9EB4FD491C94 /* Pods-Foody THTests.debug.xcconfig */ = {isa = PBXFileReference; includeInIndex = 1; lastKnownFileType = text.xcconfig; name = "Pods-Foody THTests.debug.xcconfig"; path = "Pods/Target Support Files/Pods-Foody THTests/Pods-Foody THTests.debug.xcconfig"; sourceTree = "<group>"; };
/* End PBXFileReference section */

/* Begin PBXFrameworksBuildPhase section */
		8D288EDE1D26C7C400D72697 /* Frameworks */ = {
			isa = PBXFrameworksBuildPhase;
			buildActionMask = 2147483647;
			files = (
				B88E7B548AA1BFECE7EA3569 /* Pods_Foody_TH.framework in Frameworks */,
			);
			runOnlyForDeploymentPostprocessing = 0;
		};
		8D288EF21D26C7C400D72697 /* Frameworks */ = {
			isa = PBXFrameworksBuildPhase;
			buildActionMask = 2147483647;
			files = (
				FF6EAF0DDEE46C17A5E25E24 /* Pods_Foody_THTests.framework in Frameworks */,
			);
			runOnlyForDeploymentPostprocessing = 0;
		};
		8D288EFD1D26C7C400D72697 /* Frameworks */ = {
			isa = PBXFrameworksBuildPhase;
			buildActionMask = 2147483647;
			files = (
				3155A9394BCD3D979CFA0D49 /* Pods_Foody_THUITests.framework in Frameworks */,
			);
			runOnlyForDeploymentPostprocessing = 0;
		};
/* End PBXFrameworksBuildPhase section */

/* Begin PBXGroup section */
		8D0EF5111D33F37E0061B7F6 /* TabBar */ = {
			isa = PBXGroup;
			children = (
				8D0EF5201D33F7B70061B7F6 /* TabBarController.swift */,
				8D0EF5211D33F7B70061B7F6 /* TabBarController.xib */,
				8D0EF52E1D349DCC0061B7F6 /* Home */,
				8D0EF52F1D349DD50061B7F6 /* CreateMenu */,
				8D0EF5121D33F3940061B7F6 /* Random */,
				8D0EF5131D33F39C0061B7F6 /* FoodSearch */,
			);
			name = TabBar;
			sourceTree = "<group>";
		};
		8D0EF5121D33F3940061B7F6 /* Random */ = {
			isa = PBXGroup;
			children = (
				8D0EF5241D33F7FB0061B7F6 /* RandomVC.swift */,
				8D0EF5251D33F7FB0061B7F6 /* RandomVC.xib */,
			);
			name = Random;
			sourceTree = "<group>";
		};
		8D0EF5131D33F39C0061B7F6 /* FoodSearch */ = {
			isa = PBXGroup;
			children = (
				8D0EF5161D33F3EF0061B7F6 /* FoodSearchVC.swift */,
				8D0EF5341D34A05B0061B7F6 /* FoodSearchVC.xib */,
				8D0EF5191D33F3EF0061B7F6 /* CategorySearch.swift */,
				8D0EF51A1D33F3EF0061B7F6 /* CategorySearch.xib */,
				8D0EF5281D34030B0061B7F6 /* IngredientsSearchVC.swift */,
				8D0EF5291D34030B0061B7F6 /* IngredientsSearchVC.xib */,
			);
			name = FoodSearch;
			sourceTree = "<group>";
		};
		8D0EF52E1D349DCC0061B7F6 /* Home */ = {
			isa = PBXGroup;
			children = (
				8D9C64E01D34CC9D003AB9DA /* HomeVC.swift */,
				8D9C64E11D34CC9D003AB9DA /* HomeVC.xib */,
			);
			name = Home;
			sourceTree = "<group>";
		};
		8D0EF52F1D349DD50061B7F6 /* CreateMenu */ = {
			isa = PBXGroup;
			children = (
				8D9C64DC1D34CC68003AB9DA /* CreateMenuVC.swift */,
				8D9C64DD1D34CC68003AB9DA /* CreateMenuVC.xib */,
				8D9C64E41D34CF85003AB9DA /* CreateMenuNotRgeistered.swift */,
				8D9C64E51D34CF85003AB9DA /* CreateMenuNotRgeistered.xib */,
			);
			name = CreateMenu;
			sourceTree = "<group>";
		};
		8D288ED81D26C7C400D72697 = {
			isa = PBXGroup;
			children = (
				8D288EE31D26C7C400D72697 /* Foody TH */,
				8D288EE21D26C7C400D72697 /* Products */,
				B4F9D9B5E481F2A7CE4AB6E5 /* Pods */,
				F77420860C0FA55AC5E82C24 /* Frameworks */,
			);
			sourceTree = "<group>";
		};
		8D288EE21D26C7C400D72697 /* Products */ = {
			isa = PBXGroup;
			children = (
				8D288EE11D26C7C400D72697 /* Foody TH.app */,
				8D288EF51D26C7C400D72697 /* Foody THTests.xctest */,
				8D288F001D26C7C400D72697 /* Foody THUITests.xctest */,
			);
			name = Products;
			sourceTree = "<group>";
		};
		8D288EE31D26C7C400D72697 /* Foody TH */ = {
			isa = PBXGroup;
			children = (
				ACF1C0761D27A15100EA19C6 /* Center Class */,
				8D288EE41D26C7C400D72697 /* AppDelegate.swift */,
				ACF1C0771D27DBC900EA19C6 /* MainVC.swift */,
				8D288EE81D26C7C400D72697 /* Main.storyboard */,
				8D0EF5111D33F37E0061B7F6 /* TabBar */,
				ACF1C0711D278FCB00EA19C6 /* Login */,
				ACF1C0701D278F8400EA19C6 /* Registration */,
				8D288F121D26C7D500D72697 /* Supporting Files */,
			);
			path = "Foody TH";
			sourceTree = "<group>";
		};
		8D288F121D26C7D500D72697 /* Supporting Files */ = {
			isa = PBXGroup;
			children = (
				8D288EEB1D26C7C400D72697 /* Assets.xcassets */,
				8D288EED1D26C7C400D72697 /* LaunchScreen.storyboard */,
				8D288EF01D26C7C400D72697 /* Info.plist */,
			);
			name = "Supporting Files";
			sourceTree = "<group>";
		};
		8DEC73A61D2EB2E90014A213 /* Extension */ = {
			isa = PBXGroup;
			children = (
				8DEC73A71D2EB2F90014A213 /* UIImageExtension.swift */,
				8DEC73A91D2EB35E0014A213 /* UIColorExtension.swift */,
			);
			name = Extension;
			sourceTree = "<group>";
		};
		ACF1C0701D278F8400EA19C6 /* Registration */ = {
			isa = PBXGroup;
			children = (
				8DEC73A21D2EADF70014A213 /* RegisterVC.swift */,
				8DEC73A31D2EADF70014A213 /* RegisterVC.xib */,
			);
			name = Registration;
			sourceTree = "<group>";
		};
		ACF1C0711D278FCB00EA19C6 /* Login */ = {
			isa = PBXGroup;
			children = (
				ACF1C0721D278FE300EA19C6 /* LoginVC.swift */,
				ACF1C0731D278FE300EA19C6 /* LoginVC.xib */,
			);
			name = Login;
			sourceTree = "<group>";
		};
		ACF1C0761D27A15100EA19C6 /* Center Class */ = {
			isa = PBXGroup;
			children = (
				8DEC73A61D2EB2E90014A213 /* Extension */,
				AC2841A71D33EECE0020ABF8 /* BaseViewController.swift */,
			);
			name = "Center Class";
			sourceTree = "<group>";
		};
		B4F9D9B5E481F2A7CE4AB6E5 /* Pods */ = {
			isa = PBXGroup;
			children = (
				6145C5D2E72CE6A67F3F412C /* Pods-Foody TH.debug.xcconfig */,
				B365A78DF0D263C0D3DA17B3 /* Pods-Foody TH.release.xcconfig */,
				EFA3B94D6B4C9EB4FD491C94 /* Pods-Foody THTests.debug.xcconfig */,
				B9F1AC490439DD3AC26F8EA5 /* Pods-Foody THTests.release.xcconfig */,
				184E2B19514CA2D70A2E814D /* Pods-Foody THUITests.debug.xcconfig */,
				6F9AF2213C018EE1A5754E60 /* Pods-Foody THUITests.release.xcconfig */,
			);
			name = Pods;
			sourceTree = "<group>";
		};
		F77420860C0FA55AC5E82C24 /* Frameworks */ = {
			isa = PBXGroup;
			children = (
				D75E83C94DD068F3B885C757 /* Pods_Foody_TH.framework */,
				506A484D0DE7C850043F8FC1 /* Pods_Foody_THTests.framework */,
				5E654884D1CD71DCD3F1D0AC /* Pods_Foody_THUITests.framework */,
			);
			name = Frameworks;
			sourceTree = "<group>";
		};
/* End PBXGroup section */

/* Begin PBXNativeTarget section */
		8D288EE01D26C7C400D72697 /* Foody TH */ = {
			isa = PBXNativeTarget;
			buildConfigurationList = 8D288F091D26C7C400D72697 /* Build configuration list for PBXNativeTarget "Foody TH" */;
			buildPhases = (
				3270F0624AEEBC791884ED2C /* 📦 Check Pods Manifest.lock */,
				8D288EDD1D26C7C400D72697 /* Sources */,
				8D288EDE1D26C7C400D72697 /* Frameworks */,
				8D288EDF1D26C7C400D72697 /* Resources */,
				C0F8DABFE1804B66A50D42ED /* 📦 Embed Pods Frameworks */,
				1A130DB5D7F71058A60DD8F5 /* 📦 Copy Pods Resources */,
			);
			buildRules = (
			);
			dependencies = (
			);
			name = "Foody TH";
			productName = "Foody TH";
			productReference = 8D288EE11D26C7C400D72697 /* Foody TH.app */;
			productType = "com.apple.product-type.application";
		};
		8D288EF41D26C7C400D72697 /* Foody THTests */ = {
			isa = PBXNativeTarget;
			buildConfigurationList = 8D288F0C1D26C7C400D72697 /* Build configuration list for PBXNativeTarget "Foody THTests" */;
			buildPhases = (
				3ACEBDCECD80CC0CB321994D /* 📦 Check Pods Manifest.lock */,
				8D288EF11D26C7C400D72697 /* Sources */,
				8D288EF21D26C7C400D72697 /* Frameworks */,
				8D288EF31D26C7C400D72697 /* Resources */,
				7AAB3775EF2FE5D04D9EAD0B /* 📦 Embed Pods Frameworks */,
				1DB4ECBB5832100CEEFF8E24 /* 📦 Copy Pods Resources */,
			);
			buildRules = (
			);
			dependencies = (
				8D288EF71D26C7C400D72697 /* PBXTargetDependency */,
			);
			name = "Foody THTests";
			productName = "Foody THTests";
			productReference = 8D288EF51D26C7C400D72697 /* Foody THTests.xctest */;
			productType = "com.apple.product-type.bundle.unit-test";
		};
		8D288EFF1D26C7C400D72697 /* Foody THUITests */ = {
			isa = PBXNativeTarget;
			buildConfigurationList = 8D288F0F1D26C7C400D72697 /* Build configuration list for PBXNativeTarget "Foody THUITests" */;
			buildPhases = (
				B1B5B9A49B510590C77D62A1 /* 📦 Check Pods Manifest.lock */,
				8D288EFC1D26C7C400D72697 /* Sources */,
				8D288EFD1D26C7C400D72697 /* Frameworks */,
				8D288EFE1D26C7C400D72697 /* Resources */,
				A3180F75083898AC706B888F /* 📦 Copy Pods Resources */,
			);
			buildRules = (
			);
			dependencies = (
				8D288F021D26C7C400D72697 /* PBXTargetDependency */,
			);
			name = "Foody THUITests";
			productName = "Foody THUITests";
			productReference = 8D288F001D26C7C400D72697 /* Foody THUITests.xctest */;
			productType = "com.apple.product-type.bundle.ui-testing";
		};
/* End PBXNativeTarget section */

/* Begin PBXProject section */
		8D288ED91D26C7C400D72697 /* Project object */ = {
			isa = PBXProject;
			attributes = {
				LastSwiftUpdateCheck = 0730;
				LastUpgradeCheck = 0730;
				ORGANIZATIONNAME = "Achiraya Klinpipat";
				TargetAttributes = {
					8D288EE01D26C7C400D72697 = {
						CreatedOnToolsVersion = 7.3.1;
					};
					8D288EF41D26C7C400D72697 = {
						CreatedOnToolsVersion = 7.3.1;
						TestTargetID = 8D288EE01D26C7C400D72697;
					};
					8D288EFF1D26C7C400D72697 = {
						CreatedOnToolsVersion = 7.3.1;
						TestTargetID = 8D288EE01D26C7C400D72697;
					};
				};
			};
			buildConfigurationList = 8D288EDC1D26C7C400D72697 /* Build configuration list for PBXProject "Foody TH" */;
			compatibilityVersion = "Xcode 3.2";
			developmentRegion = English;
			hasScannedForEncodings = 0;
			knownRegions = (
				en,
				Base,
			);
			mainGroup = 8D288ED81D26C7C400D72697;
			productRefGroup = 8D288EE21D26C7C400D72697 /* Products */;
			projectDirPath = "";
			projectRoot = "";
			targets = (
				8D288EE01D26C7C400D72697 /* Foody TH */,
				8D288EF41D26C7C400D72697 /* Foody THTests */,
				8D288EFF1D26C7C400D72697 /* Foody THUITests */,
			);
		};
/* End PBXProject section */

/* Begin PBXResourcesBuildPhase section */
		8D288EDF1D26C7C400D72697 /* Resources */ = {
			isa = PBXResourcesBuildPhase;
			buildActionMask = 2147483647;
			files = (
				8D288EEF1D26C7C400D72697 /* LaunchScreen.storyboard in Resources */,
				8D9C64E31D34CC9D003AB9DA /* HomeVC.xib in Resources */,
				8D9C64E71D34CF85003AB9DA /* CreateMenuNotRgeistered.xib in Resources */,
				8D288EEC1D26C7C400D72697 /* Assets.xcassets in Resources */,
				8D0EF51F1D33F3EF0061B7F6 /* CategorySearch.xib in Resources */,
				8D9C64DF1D34CC68003AB9DA /* CreateMenuVC.xib in Resources */,
				ACF1C0751D278FE300EA19C6 /* LoginVC.xib in Resources */,
				8D0EF5231D33F7B70061B7F6 /* TabBarController.xib in Resources */,
				8D288EEA1D26C7C400D72697 /* Main.storyboard in Resources */,
				8D0EF5271D33F7FB0061B7F6 /* RandomVC.xib in Resources */,
				8DEC73A51D2EADF70014A213 /* RegisterVC.xib in Resources */,
				8D0EF5351D34A05B0061B7F6 /* FoodSearchVC.xib in Resources */,
				8D0EF52B1D34030B0061B7F6 /* IngredientsSearchVC.xib in Resources */,
			);
			runOnlyForDeploymentPostprocessing = 0;
		};
		8D288EF31D26C7C400D72697 /* Resources */ = {
			isa = PBXResourcesBuildPhase;
			buildActionMask = 2147483647;
			files = (
			);
			runOnlyForDeploymentPostprocessing = 0;
		};
		8D288EFE1D26C7C400D72697 /* Resources */ = {
			isa = PBXResourcesBuildPhase;
			buildActionMask = 2147483647;
			files = (
			);
			runOnlyForDeploymentPostprocessing = 0;
		};
/* End PBXResourcesBuildPhase section */

/* Begin PBXShellScriptBuildPhase section */
		1A130DB5D7F71058A60DD8F5 /* 📦 Copy Pods Resources */ = {
			isa = PBXShellScriptBuildPhase;
			buildActionMask = 2147483647;
			files = (
			);
			inputPaths = (
			);
			name = "📦 Copy Pods Resources";
			outputPaths = (
			);
			runOnlyForDeploymentPostprocessing = 0;
			shellPath = /bin/sh;
			shellScript = "\"${SRCROOT}/Pods/Target Support Files/Pods-Foody TH/Pods-Foody TH-resources.sh\"\n";
			showEnvVarsInLog = 0;
		};
		1DB4ECBB5832100CEEFF8E24 /* 📦 Copy Pods Resources */ = {
			isa = PBXShellScriptBuildPhase;
			buildActionMask = 2147483647;
			files = (
			);
			inputPaths = (
			);
			name = "📦 Copy Pods Resources";
			outputPaths = (
			);
			runOnlyForDeploymentPostprocessing = 0;
			shellPath = /bin/sh;
			shellScript = "\"${SRCROOT}/Pods/Target Support Files/Pods-Foody THTests/Pods-Foody THTests-resources.sh\"\n";
			showEnvVarsInLog = 0;
		};
		3270F0624AEEBC791884ED2C /* 📦 Check Pods Manifest.lock */ = {
			isa = PBXShellScriptBuildPhase;
			buildActionMask = 2147483647;
			files = (
			);
			inputPaths = (
			);
			name = "📦 Check Pods Manifest.lock";
			outputPaths = (
			);
			runOnlyForDeploymentPostprocessing = 0;
			shellPath = /bin/sh;
			shellScript = "diff \"${PODS_ROOT}/../Podfile.lock\" \"${PODS_ROOT}/Manifest.lock\" > /dev/null\nif [[ $? != 0 ]] ; then\n    cat << EOM\nerror: The sandbox is not in sync with the Podfile.lock. Run 'pod install' or update your CocoaPods installation.\nEOM\n    exit 1\nfi\n";
			showEnvVarsInLog = 0;
		};
		3ACEBDCECD80CC0CB321994D /* 📦 Check Pods Manifest.lock */ = {
			isa = PBXShellScriptBuildPhase;
			buildActionMask = 2147483647;
			files = (
			);
			inputPaths = (
			);
			name = "📦 Check Pods Manifest.lock";
			outputPaths = (
			);
			runOnlyForDeploymentPostprocessing = 0;
			shellPath = /bin/sh;
			shellScript = "diff \"${PODS_ROOT}/../Podfile.lock\" \"${PODS_ROOT}/Manifest.lock\" > /dev/null\nif [[ $? != 0 ]] ; then\n    cat << EOM\nerror: The sandbox is not in sync with the Podfile.lock. Run 'pod install' or update your CocoaPods installation.\nEOM\n    exit 1\nfi\n";
			showEnvVarsInLog = 0;
		};
		7AAB3775EF2FE5D04D9EAD0B /* 📦 Embed Pods Frameworks */ = {
			isa = PBXShellScriptBuildPhase;
			buildActionMask = 2147483647;
			files = (
			);
			inputPaths = (
			);
			name = "📦 Embed Pods Frameworks";
			outputPaths = (
			);
			runOnlyForDeploymentPostprocessing = 0;
			shellPath = /bin/sh;
			shellScript = "\"${SRCROOT}/Pods/Target Support Files/Pods-Foody THTests/Pods-Foody THTests-frameworks.sh\"\n";
			showEnvVarsInLog = 0;
		};
		A3180F75083898AC706B888F /* 📦 Copy Pods Resources */ = {
			isa = PBXShellScriptBuildPhase;
			buildActionMask = 2147483647;
			files = (
			);
			inputPaths = (
			);
			name = "📦 Copy Pods Resources";
			outputPaths = (
			);
			runOnlyForDeploymentPostprocessing = 0;
			shellPath = /bin/sh;
			shellScript = "\"${SRCROOT}/Pods/Target Support Files/Pods-Foody THUITests/Pods-Foody THUITests-resources.sh\"\n";
			showEnvVarsInLog = 0;
		};
		B1B5B9A49B510590C77D62A1 /* 📦 Check Pods Manifest.lock */ = {
			isa = PBXShellScriptBuildPhase;
			buildActionMask = 2147483647;
			files = (
			);
			inputPaths = (
			);
			name = "📦 Check Pods Manifest.lock";
			outputPaths = (
			);
			runOnlyForDeploymentPostprocessing = 0;
			shellPath = /bin/sh;
			shellScript = "diff \"${PODS_ROOT}/../Podfile.lock\" \"${PODS_ROOT}/Manifest.lock\" > /dev/null\nif [[ $? != 0 ]] ; then\n    cat << EOM\nerror: The sandbox is not in sync with the Podfile.lock. Run 'pod install' or update your CocoaPods installation.\nEOM\n    exit 1\nfi\n";
			showEnvVarsInLog = 0;
		};
		C0F8DABFE1804B66A50D42ED /* 📦 Embed Pods Frameworks */ = {
			isa = PBXShellScriptBuildPhase;
			buildActionMask = 2147483647;
			files = (
			);
			inputPaths = (
			);
			name = "📦 Embed Pods Frameworks";
			outputPaths = (
			);
			runOnlyForDeploymentPostprocessing = 0;
			shellPath = /bin/sh;
			shellScript = "\"${SRCROOT}/Pods/Target Support Files/Pods-Foody TH/Pods-Foody TH-frameworks.sh\"\n";
			showEnvVarsInLog = 0;
		};
/* End PBXShellScriptBuildPhase section */

/* Begin PBXSourcesBuildPhase section */
		8D288EDD1D26C7C400D72697 /* Sources */ = {
			isa = PBXSourcesBuildPhase;
			buildActionMask = 2147483647;
			files = (
				8D0EF51E1D33F3EF0061B7F6 /* CategorySearch.swift in Sources */,
				8D9C64E21D34CC9D003AB9DA /* HomeVC.swift in Sources */,
				8D288EE51D26C7C400D72697 /* AppDelegate.swift in Sources */,
				8DEC73A41D2EADF70014A213 /* RegisterVC.swift in Sources */,
				ACF1C0781D27DBC900EA19C6 /* MainVC.swift in Sources */,
				8D0EF51B1D33F3EF0061B7F6 /* FoodSearchVC.swift in Sources */,
				8D9C64E61D34CF85003AB9DA /* CreateMenuNotRgeistered.swift in Sources */,
				8DEC73A81D2EB2F90014A213 /* UIImageExtension.swift in Sources */,
				ACF1C0741D278FE300EA19C6 /* LoginVC.swift in Sources */,
				8D0EF52A1D34030B0061B7F6 /* IngredientsSearchVC.swift in Sources */,
				8D9C64DE1D34CC68003AB9DA /* CreateMenuVC.swift in Sources */,
				AC2841A81D33EECE0020ABF8 /* BaseViewController.swift in Sources */,
				8D0EF5221D33F7B70061B7F6 /* TabBarController.swift in Sources */,
				8D0EF5261D33F7FB0061B7F6 /* RandomVC.swift in Sources */,
				8DEC73AA1D2EB35E0014A213 /* UIColorExtension.swift in Sources */,
			);
			runOnlyForDeploymentPostprocessing = 0;
		};
		8D288EF11D26C7C400D72697 /* Sources */ = {
			isa = PBXSourcesBuildPhase;
			buildActionMask = 2147483647;
			files = (
			);
			runOnlyForDeploymentPostprocessing = 0;
		};
		8D288EFC1D26C7C400D72697 /* Sources */ = {
			isa = PBXSourcesBuildPhase;
			buildActionMask = 2147483647;
			files = (
			);
			runOnlyForDeploymentPostprocessing = 0;
		};
/* End PBXSourcesBuildPhase section */

/* Begin PBXTargetDependency section */
		8D288EF71D26C7C400D72697 /* PBXTargetDependency */ = {
			isa = PBXTargetDependency;
			target = 8D288EE01D26C7C400D72697 /* Foody TH */;
			targetProxy = 8D288EF61D26C7C400D72697 /* PBXContainerItemProxy */;
		};
		8D288F021D26C7C400D72697 /* PBXTargetDependency */ = {
			isa = PBXTargetDependency;
			target = 8D288EE01D26C7C400D72697 /* Foody TH */;
			targetProxy = 8D288F011D26C7C400D72697 /* PBXContainerItemProxy */;
		};
/* End PBXTargetDependency section */

/* Begin PBXVariantGroup section */
		8D288EE81D26C7C400D72697 /* Main.storyboard */ = {
			isa = PBXVariantGroup;
			children = (
				8D288EE91D26C7C400D72697 /* Base */,
			);
			name = Main.storyboard;
			sourceTree = "<group>";
		};
		8D288EED1D26C7C400D72697 /* LaunchScreen.storyboard */ = {
			isa = PBXVariantGroup;
			children = (
				8D288EEE1D26C7C400D72697 /* Base */,
			);
			name = LaunchScreen.storyboard;
			sourceTree = "<group>";
		};
/* End PBXVariantGroup section */

/* Begin XCBuildConfiguration section */
		8D288F071D26C7C400D72697 /* Debug */ = {
			isa = XCBuildConfiguration;
			buildSettings = {
				ALWAYS_SEARCH_USER_PATHS = NO;
				CLANG_ANALYZER_NONNULL = YES;
				CLANG_CXX_LANGUAGE_STANDARD = "gnu++0x";
				CLANG_CXX_LIBRARY = "libc++";
				CLANG_ENABLE_MODULES = YES;
				CLANG_ENABLE_OBJC_ARC = YES;
				CLANG_WARN_BOOL_CONVERSION = YES;
				CLANG_WARN_CONSTANT_CONVERSION = YES;
				CLANG_WARN_DIRECT_OBJC_ISA_USAGE = YES_ERROR;
				CLANG_WARN_EMPTY_BODY = YES;
				CLANG_WARN_ENUM_CONVERSION = YES;
				CLANG_WARN_INT_CONVERSION = YES;
				CLANG_WARN_OBJC_ROOT_CLASS = YES_ERROR;
				CLANG_WARN_UNREACHABLE_CODE = YES;
				CLANG_WARN__DUPLICATE_METHOD_MATCH = YES;
				"CODE_SIGN_IDENTITY[sdk=iphoneos*]" = "iPhone Developer";
				COPY_PHASE_STRIP = NO;
				DEBUG_INFORMATION_FORMAT = dwarf;
				ENABLE_STRICT_OBJC_MSGSEND = YES;
				ENABLE_TESTABILITY = YES;
				GCC_C_LANGUAGE_STANDARD = gnu99;
				GCC_DYNAMIC_NO_PIC = NO;
				GCC_NO_COMMON_BLOCKS = YES;
				GCC_OPTIMIZATION_LEVEL = 0;
				GCC_PREPROCESSOR_DEFINITIONS = (
					"DEBUG=1",
					"$(inherited)",
				);
				GCC_WARN_64_TO_32_BIT_CONVERSION = YES;
				GCC_WARN_ABOUT_RETURN_TYPE = YES_ERROR;
				GCC_WARN_UNDECLARED_SELECTOR = YES;
				GCC_WARN_UNINITIALIZED_AUTOS = YES_AGGRESSIVE;
				GCC_WARN_UNUSED_FUNCTION = YES;
				GCC_WARN_UNUSED_VARIABLE = YES;
				IPHONEOS_DEPLOYMENT_TARGET = 9.3;
				MTL_ENABLE_DEBUG_INFO = YES;
				ONLY_ACTIVE_ARCH = YES;
				SDKROOT = iphoneos;
				SWIFT_OPTIMIZATION_LEVEL = "-Onone";
				TARGETED_DEVICE_FAMILY = "1,2";
			};
			name = Debug;
		};
		8D288F081D26C7C400D72697 /* Release */ = {
			isa = XCBuildConfiguration;
			buildSettings = {
				ALWAYS_SEARCH_USER_PATHS = NO;
				CLANG_ANALYZER_NONNULL = YES;
				CLANG_CXX_LANGUAGE_STANDARD = "gnu++0x";
				CLANG_CXX_LIBRARY = "libc++";
				CLANG_ENABLE_MODULES = YES;
				CLANG_ENABLE_OBJC_ARC = YES;
				CLANG_WARN_BOOL_CONVERSION = YES;
				CLANG_WARN_CONSTANT_CONVERSION = YES;
				CLANG_WARN_DIRECT_OBJC_ISA_USAGE = YES_ERROR;
				CLANG_WARN_EMPTY_BODY = YES;
				CLANG_WARN_ENUM_CONVERSION = YES;
				CLANG_WARN_INT_CONVERSION = YES;
				CLANG_WARN_OBJC_ROOT_CLASS = YES_ERROR;
				CLANG_WARN_UNREACHABLE_CODE = YES;
				CLANG_WARN__DUPLICATE_METHOD_MATCH = YES;
				"CODE_SIGN_IDENTITY[sdk=iphoneos*]" = "iPhone Developer";
				COPY_PHASE_STRIP = NO;
				DEBUG_INFORMATION_FORMAT = "dwarf-with-dsym";
				ENABLE_NS_ASSERTIONS = NO;
				ENABLE_STRICT_OBJC_MSGSEND = YES;
				GCC_C_LANGUAGE_STANDARD = gnu99;
				GCC_NO_COMMON_BLOCKS = YES;
				GCC_WARN_64_TO_32_BIT_CONVERSION = YES;
				GCC_WARN_ABOUT_RETURN_TYPE = YES_ERROR;
				GCC_WARN_UNDECLARED_SELECTOR = YES;
				GCC_WARN_UNINITIALIZED_AUTOS = YES_AGGRESSIVE;
				GCC_WARN_UNUSED_FUNCTION = YES;
				GCC_WARN_UNUSED_VARIABLE = YES;
				IPHONEOS_DEPLOYMENT_TARGET = 9.3;
				MTL_ENABLE_DEBUG_INFO = NO;
				SDKROOT = iphoneos;
				TARGETED_DEVICE_FAMILY = "1,2";
				VALIDATE_PRODUCT = YES;
			};
			name = Release;
		};
		8D288F0A1D26C7C400D72697 /* Debug */ = {
			isa = XCBuildConfiguration;
			baseConfigurationReference = 6145C5D2E72CE6A67F3F412C /* Pods-Foody TH.debug.xcconfig */;
			buildSettings = {
				ASSETCATALOG_COMPILER_APPICON_NAME = AppIcon;
				INFOPLIST_FILE = "Foody TH/Info.plist";
				LD_RUNPATH_SEARCH_PATHS = "$(inherited) @executable_path/Frameworks";
				PRODUCT_BUNDLE_IDENTIFIER = "Layle.Foody-TH";
				PRODUCT_NAME = "$(TARGET_NAME)";
			};
			name = Debug;
		};
		8D288F0B1D26C7C400D72697 /* Release */ = {
			isa = XCBuildConfiguration;
			baseConfigurationReference = B365A78DF0D263C0D3DA17B3 /* Pods-Foody TH.release.xcconfig */;
			buildSettings = {
				ASSETCATALOG_COMPILER_APPICON_NAME = AppIcon;
				INFOPLIST_FILE = "Foody TH/Info.plist";
				LD_RUNPATH_SEARCH_PATHS = "$(inherited) @executable_path/Frameworks";
				PRODUCT_BUNDLE_IDENTIFIER = "Layle.Foody-TH";
				PRODUCT_NAME = "$(TARGET_NAME)";
			};
			name = Release;
		};
		8D288F0D1D26C7C400D72697 /* Debug */ = {
			isa = XCBuildConfiguration;
			baseConfigurationReference = EFA3B94D6B4C9EB4FD491C94 /* Pods-Foody THTests.debug.xcconfig */;
			buildSettings = {
				BUNDLE_LOADER = "$(TEST_HOST)";
				INFOPLIST_FILE = "Foody THTests/Info.plist";
				LD_RUNPATH_SEARCH_PATHS = "$(inherited) @executable_path/Frameworks @loader_path/Frameworks";
				PRODUCT_BUNDLE_IDENTIFIER = "Layle.Foody-THTests";
				PRODUCT_NAME = "$(TARGET_NAME)";
				TEST_HOST = "$(BUILT_PRODUCTS_DIR)/Foody TH.app/Foody TH";
			};
			name = Debug;
		};
		8D288F0E1D26C7C400D72697 /* Release */ = {
			isa = XCBuildConfiguration;
			baseConfigurationReference = B9F1AC490439DD3AC26F8EA5 /* Pods-Foody THTests.release.xcconfig */;
			buildSettings = {
				BUNDLE_LOADER = "$(TEST_HOST)";
				INFOPLIST_FILE = "Foody THTests/Info.plist";
				LD_RUNPATH_SEARCH_PATHS = "$(inherited) @executable_path/Frameworks @loader_path/Frameworks";
				PRODUCT_BUNDLE_IDENTIFIER = "Layle.Foody-THTests";
				PRODUCT_NAME = "$(TARGET_NAME)";
				TEST_HOST = "$(BUILT_PRODUCTS_DIR)/Foody TH.app/Foody TH";
			};
			name = Release;
		};
		8D288F101D26C7C400D72697 /* Debug */ = {
			isa = XCBuildConfiguration;
			baseConfigurationReference = 184E2B19514CA2D70A2E814D /* Pods-Foody THUITests.debug.xcconfig */;
			buildSettings = {
				INFOPLIST_FILE = "Foody THUITests/Info.plist";
				LD_RUNPATH_SEARCH_PATHS = "$(inherited) @executable_path/Frameworks @loader_path/Frameworks";
				PRODUCT_BUNDLE_IDENTIFIER = "Layle.Foody-THUITests";
				PRODUCT_NAME = "$(TARGET_NAME)";
				TEST_TARGET_NAME = "Foody TH";
			};
			name = Debug;
		};
		8D288F111D26C7C400D72697 /* Release */ = {
			isa = XCBuildConfiguration;
			baseConfigurationReference = 6F9AF2213C018EE1A5754E60 /* Pods-Foody THUITests.release.xcconfig */;
			buildSettings = {
				INFOPLIST_FILE = "Foody THUITests/Info.plist";
				LD_RUNPATH_SEARCH_PATHS = "$(inherited) @executable_path/Frameworks @loader_path/Frameworks";
				PRODUCT_BUNDLE_IDENTIFIER = "Layle.Foody-THUITests";
				PRODUCT_NAME = "$(TARGET_NAME)";
				TEST_TARGET_NAME = "Foody TH";
			};
			name = Release;
		};
/* End XCBuildConfiguration section */

/* Begin XCConfigurationList section */
		8D288EDC1D26C7C400D72697 /* Build configuration list for PBXProject "Foody TH" */ = {
			isa = XCConfigurationList;
			buildConfigurations = (
				8D288F071D26C7C400D72697 /* Debug */,
				8D288F081D26C7C400D72697 /* Release */,
			);
			defaultConfigurationIsVisible = 0;
			defaultConfigurationName = Release;
		};
		8D288F091D26C7C400D72697 /* Build configuration list for PBXNativeTarget "Foody TH" */ = {
			isa = XCConfigurationList;
			buildConfigurations = (
				8D288F0A1D26C7C400D72697 /* Debug */,
				8D288F0B1D26C7C400D72697 /* Release */,
			);
			defaultConfigurationIsVisible = 0;
			defaultConfigurationName = Release;
		};
		8D288F0C1D26C7C400D72697 /* Build configuration list for PBXNativeTarget "Foody THTests" */ = {
			isa = XCConfigurationList;
			buildConfigurations = (
				8D288F0D1D26C7C400D72697 /* Debug */,
				8D288F0E1D26C7C400D72697 /* Release */,
			);
			defaultConfigurationIsVisible = 0;
			defaultConfigurationName = Release;
		};
		8D288F0F1D26C7C400D72697 /* Build configuration list for PBXNativeTarget "Foody THUITests" */ = {
			isa = XCConfigurationList;
			buildConfigurations = (
				8D288F101D26C7C400D72697 /* Debug */,
				8D288F111D26C7C400D72697 /* Release */,
			);
			defaultConfigurationIsVisible = 0;
			defaultConfigurationName = Release;
		};
/* End XCConfigurationList section */
	};
	rootObject = 8D288ED91D26C7C400D72697 /* Project object */;
}
